
Microsoft Visual Studio Solution File, Format Version 12.00
# Visual Studio Version 17
VisualStudioVersion = 17.7.34024.191
MinimumVisualStudioVersion = 10.0.40219.1
Project("{FAE04EC0-301F-11D3-BF4B-00C04F79EFBC}") = "BookstoreLibrary", "BookstoreLibrary\BookstoreLibrary.csproj", "{1F725D88-F57F-4EA1-881B-7260565E397B}"
EndProject
Global
	GlobalSection(SolutionConfigurationPlatforms) = preSolution
		Debug|Any CPU = Debug|Any CPU
		Release|Any CPU = Release|Any CPU
	EndGlobalSection
	GlobalSection(ProjectConfigurationPlatforms) = postSolution
		{1F725D88-F57F-4EA1-881B-7260565E397B}.Debug|Any CPU.ActiveCfg = Debug|Any CPU
		{1F725D88-F57F-4EA1-881B-7260565E397B}.Debug|Any CPU.Build.0 = Debug|Any CPU
		{1F725D88-F57F-4EA1-881B-7260565E397B}.Release|Any CPU.ActiveCfg = Release|Any CPU
		{1F725D88-F57F-4EA1-881B-7260565E397B}.Release|Any CPU.Build.0 = Release|Any CPU
	EndGlobalSection
	GlobalSection(SolutionProperties) = preSolution
		HideSolutionNode = FALSE
	EndGlobalSection
	GlobalSection(ExtensibilityGlobals) = postSolution
		SolutionGuid = {8A685BAD-B483-4595-9253-D19A4A8BE295}
	EndGlobalSection
EndGlobal
